
Microsoft Visual Studio Solution File, Format Version 12.00
# Visual Studio Version 17
VisualStudioVersion = 17.14.36616.10 d17.14
MinimumVisualStudioVersion = 10.0.40219.1
Project("{FAE04EC0-301F-11D3-BF4B-00C04F79EFBC}") = "GloboTicket.Admin.Mobile", "GloboTicket.Admin.Mobile\GloboTicket.Admin.Mobile.csproj", "{BAF84368-5A0C-4B89-AABC-3BAC38A92966}"
EndProject
Global
	GlobalSection(SolutionConfigurationPlatforms) = preSolution
		Debug|Any CPU = Debug|Any CPU
		Release|Any CPU = Release|Any CPU
	EndGlobalSection
	GlobalSection(ProjectConfigurationPlatforms) = postSolution
		{BAF84368-5A0C-4B89-AABC-3BAC38A92966}.Debug|Any CPU.ActiveCfg = Debug|Any CPU
		{BAF84368-5A0C-4B89-AABC-3BAC38A92966}.Debug|Any CPU.Build.0 = Debug|Any CPU
		{BAF84368-5A0C-4B89-AABC-3BAC38A92966}.Debug|Any CPU.Deploy.0 = Debug|Any CPU
		{BAF84368-5A0C-4B89-AABC-3BAC38A92966}.Release|Any CPU.ActiveCfg = Release|Any CPU
		{BAF84368-5A0C-4B89-AABC-3BAC38A92966}.Release|Any CPU.Build.0 = Release|Any CPU
		{BAF84368-5A0C-4B89-AABC-3BAC38A92966}.Release|Any CPU.Deploy.0 = Release|Any CPU
	EndGlobalSection
	GlobalSection(SolutionProperties) = preSolution
		HideSolutionNode = FALSE
	EndGlobalSection
	GlobalSection(ExtensibilityGlobals) = postSolution
		SolutionGuid = {CCC1F4E2-6E88-4D38-BA9A-F2E5605E592E}
	EndGlobalSection
EndGlobal
